# THIS IS AN AUTOGENERATED FILE. DO NOT EDIT THIS FILE DIRECTLY.
# yarn lockfile v1


cloud-local-storage@^0.0.7:
  version "0.0.7"
  resolved "https://registry.yarnpkg.com/cloud-local-storage/-/cloud-local-storage-0.0.7.tgz#6bfbcb37af97e8cf64e3039111f16fe4203e61dc"
  integrity sha512-UenzlKymfBg2G3x5+F/2NIfikXOGNlj6IKbx6Z2amQet0otlS3VRjLAOFJwL0jaMf+16uXcrEGWXu3zCCe/F0A==
  dependencies:
    node-fetch "^2.6.0"

node-fetch@^2.6.0:
  version "2.6.0"
  resolved "https://registry.yarnpkg.com/node-fetch/-/node-fetch-2.6.0.tgz#e633456386d4aa55863f676a7ab0daa8fdecb0fd"
  integrity sha512-8dG4H5ujfvFiqDmVu9fQ5bOHUC15JMjMY/Zumv26oOvvVJjM67KF8koCWIabKQ1GJIa9r2mMZscBq/TbdOcmNA==
