# THIS IS AN AUTOGENERATED FILE. DO NOT EDIT THIS FILE DIRECTLY.
# yarn lockfile v1


cloud-local-storage@^0.0.5:
  version "0.0.5"
  resolved "https://registry.yarnpkg.com/cloud-local-storage/-/cloud-local-storage-0.0.5.tgz#4bb59980efeccfa2a131205ab564a6c71bac7cf0"
  integrity sha512-uHwQcEcisWcICVYQ/EOsG5l3DGfek8+BAnm6/edI8b6yGrzDpDm45QSpz6zVF3qZ1EGHzlZFcuP/WDlbFNqWNQ==
  dependencies:
    node-fetch "^2.6.0"

node-fetch@^2.6.0:
  version "2.6.0"
  resolved "https://registry.yarnpkg.com/node-fetch/-/node-fetch-2.6.0.tgz#e633456386d4aa55863f676a7ab0daa8fdecb0fd"
  integrity sha512-8dG4H5ujfvFiqDmVu9fQ5bOHUC15JMjMY/Zumv26oOvvVJjM67KF8koCWIabKQ1GJIa9r2mMZscBq/TbdOcmNA==
